
Microsoft Visual Studio Solution File, Format Version 12.00
# Visual Studio Version 17
VisualStudioVersion = 17.0.31903.59
MinimumVisualStudioVersion = 10.0.40219.1
Project("{FAE04EC0-301F-11D3-BF4B-00C04F79EFBC}") = "API", "API\API.csproj", "{A8D37E90-D58A-41BB-8182-64E78C93A51F}"
EndProject
Project("{FAE04EC0-301F-11D3-BF4B-00C04F79EFBC}") = "Application", "Application\Application.csproj", "{A8BE84E6-C6AF-42E6-BB0A-D43A0D4711A7}"
EndProject
Project("{FAE04EC0-301F-11D3-BF4B-00C04F79EFBC}") = "Persistance", "Persistance\Persistance.csproj", "{DE346E8B-B2D5-4CAA-9B72-9DFE077EF3FE}"
EndProject
Project("{FAE04EC0-301F-11D3-BF4B-00C04F79EFBC}") = "Domain", "Domain\Domain.csproj", "{1F4C190D-4384-4053-BDE2-4BA7A4C79C59}"
EndProject
Global
	GlobalSection(SolutionConfigurationPlatforms) = preSolution
		Debug|Any CPU = Debug|Any CPU
		Release|Any CPU = Release|Any CPU
	EndGlobalSection
	GlobalSection(SolutionProperties) = preSolution
		HideSolutionNode = FALSE
	EndGlobalSection
	GlobalSection(ProjectConfigurationPlatforms) = postSolution
		{A8D37E90-D58A-41BB-8182-64E78C93A51F}.Debug|Any CPU.ActiveCfg = Debug|Any CPU
		{A8D37E90-D58A-41BB-8182-64E78C93A51F}.Debug|Any CPU.Build.0 = Debug|Any CPU
		{A8D37E90-D58A-41BB-8182-64E78C93A51F}.Release|Any CPU.ActiveCfg = Release|Any CPU
		{A8D37E90-D58A-41BB-8182-64E78C93A51F}.Release|Any CPU.Build.0 = Release|Any CPU
		{A8BE84E6-C6AF-42E6-BB0A-D43A0D4711A7}.Debug|Any CPU.ActiveCfg = Debug|Any CPU
		{A8BE84E6-C6AF-42E6-BB0A-D43A0D4711A7}.Debug|Any CPU.Build.0 = Debug|Any CPU
		{A8BE84E6-C6AF-42E6-BB0A-D43A0D4711A7}.Release|Any CPU.ActiveCfg = Release|Any CPU
		{A8BE84E6-C6AF-42E6-BB0A-D43A0D4711A7}.Release|Any CPU.Build.0 = Release|Any CPU
		{DE346E8B-B2D5-4CAA-9B72-9DFE077EF3FE}.Debug|Any CPU.ActiveCfg = Debug|Any CPU
		{DE346E8B-B2D5-4CAA-9B72-9DFE077EF3FE}.Debug|Any CPU.Build.0 = Debug|Any CPU
		{DE346E8B-B2D5-4CAA-9B72-9DFE077EF3FE}.Release|Any CPU.ActiveCfg = Release|Any CPU
		{DE346E8B-B2D5-4CAA-9B72-9DFE077EF3FE}.Release|Any CPU.Build.0 = Release|Any CPU
		{1F4C190D-4384-4053-BDE2-4BA7A4C79C59}.Debug|Any CPU.ActiveCfg = Debug|Any CPU
		{1F4C190D-4384-4053-BDE2-4BA7A4C79C59}.Debug|Any CPU.Build.0 = Debug|Any CPU
		{1F4C190D-4384-4053-BDE2-4BA7A4C79C59}.Release|Any CPU.ActiveCfg = Release|Any CPU
		{1F4C190D-4384-4053-BDE2-4BA7A4C79C59}.Release|Any CPU.Build.0 = Release|Any CPU
	EndGlobalSection
EndGlobal
